
Microsoft Visual Studio Solution File, Format Version 12.00
# Visual Studio 15
VisualStudioVersion = 15.0.26228.9
MinimumVisualStudioVersion = 10.0.40219.1
Project("{8BC9CEB8-8B4A-11D0-8D11-00A0C91BC942}") = "hellobrowser", "hellobrowser.vcxproj", "{310F39BD-A2D6-44FF-8344-37ADD0524CBD}"
	ProjectSection(ProjectDependencies) = postProject
		{9CFB0342-A9E7-483E-BEE5-A1DE22584C5A} = {9CFB0342-A9E7-483E-BEE5-A1DE22584C5A}
	EndProjectSection
EndProject
Project("{8BC9CEB8-8B4A-11D0-8D11-00A0C91BC942}") = "libmicrohttpd", "libmicrohttpd.vcxproj", "{9CFB0342-A9E7-483E-BEE5-A1DE22584C5A}"
EndProject
Project("{8BC9CEB8-8B4A-11D0-8D11-00A0C91BC942}") = "simplepost", "simplepost.vcxproj", "{294D5317-E983-4682-8DB5-678EA4645E11}"
	ProjectSection(ProjectDependencies) = postProject
		{9CFB0342-A9E7-483E-BEE5-A1DE22584C5A} = {9CFB0342-A9E7-483E-BEE5-A1DE22584C5A}
	EndProjectSection
EndProject
Project("{8BC9CEB8-8B4A-11D0-8D11-00A0C91BC942}") = "largepost", "largepost.vcxproj", "{77A27E6D-9A39-40B8-961B-40E63DB7FA65}"
	ProjectSection(ProjectDependencies) = postProject
		{9CFB0342-A9E7-483E-BEE5-A1DE22584C5A} = {9CFB0342-A9E7-483E-BEE5-A1DE22584C5A}
	EndProjectSection
EndProject
Global
	GlobalSection(SolutionConfigurationPlatforms) = preSolution
		Debug-dll|1-x64 = Debug-dll|1-x64
		Debug-dll|2-Win32 = Debug-dll|2-Win32
		Debug-dll|3-ARM64 = Debug-dll|3-ARM64
		Debug-dll|4-ARM = Debug-dll|4-ARM
		Debug-dll-xp|1-x64 = Debug-dll-xp|1-x64
		Debug-dll-xp|2-Win32 = Debug-dll-xp|2-Win32
		Debug-dll-xp|3-ARM64 = Debug-dll-xp|3-ARM64
		Debug-dll-xp|4-ARM = Debug-dll-xp|4-ARM
		Debug-static|1-x64 = Debug-static|1-x64
		Debug-static|2-Win32 = Debug-static|2-Win32
		Debug-static|3-ARM64 = Debug-static|3-ARM64
		Debug-static|4-ARM = Debug-static|4-ARM
		Debug-static-xp|1-x64 = Debug-static-xp|1-x64
		Debug-static-xp|2-Win32 = Debug-static-xp|2-Win32
		Debug-static-xp|3-ARM64 = Debug-static-xp|3-ARM64
		Debug-static-xp|4-ARM = Debug-static-xp|4-ARM
		Release-dll|1-x64 = Release-dll|1-x64
		Release-dll|2-Win32 = Release-dll|2-Win32
		Release-dll|3-ARM64 = Release-dll|3-ARM64
		Release-dll|4-ARM = Release-dll|4-ARM
		Release-dll-xp|1-x64 = Release-dll-xp|1-x64
		Release-dll-xp|2-Win32 = Release-dll-xp|2-Win32
		Release-dll-xp|3-ARM64 = Release-dll-xp|3-ARM64
		Release-dll-xp|4-ARM = Release-dll-xp|4-ARM
		Release-static|1-x64 = Release-static|1-x64
		Release-static|2-Win32 = Release-static|2-Win32
		Release-static|3-ARM64 = Release-static|3-ARM64
		Release-static|4-ARM = Release-static|4-ARM
		Release-static-xp|1-x64 = Release-static-xp|1-x64
		Release-static-xp|2-Win32 = Release-static-xp|2-Win32
		Release-static-xp|3-ARM64 = Release-static-xp|3-ARM64
		Release-static-xp|4-ARM = Release-static-xp|4-ARM
	EndGlobalSection
	GlobalSection(ProjectConfigurationPlatforms) = postSolution
		{310F39BD-A2D6-44FF-8344-37ADD0524CBD}.Debug-dll|1-x64.ActiveCfg = Debug-dll|x64
		{310F39BD-A2D6-44FF-8344-37ADD0524CBD}.Debug-dll|1-x64.Build.0 = Debug-dll|x64
		{310F39BD-A2D6-44FF-8344-37ADD0524CBD}.Debug-dll|2-Win32.ActiveCfg = Debug-dll|Win32
		{310F39BD-A2D6-44FF-8344-37ADD0524CBD}.Debug-dll|2-Win32.Build.0 = Debug-dll|Win32
		{310F39BD-A2D6-44FF-8344-37ADD0524CBD}.Debug-dll|3-ARM64.ActiveCfg = Debug-dll|ARM64
		{310F39BD-A2D6-44FF-8344-37ADD0524CBD}.Debug-dll|3-ARM64.Build.0 = Debug-dll|ARM64
		{310F39BD-A2D6-44FF-8344-37ADD0524CBD}.Debug-dll|4-ARM.ActiveCfg = Debug-dll|ARM
		{310F39BD-A2D6-44FF-8344-37ADD0524CBD}.Debug-dll|4-ARM.Build.0 = Debug-dll|ARM
		{310F39BD-A2D6-44FF-8344-37ADD0524CBD}.Debug-dll-xp|1-x64.ActiveCfg = Debug-dll|x64
		{310F39BD-A2D6-44FF-8344-37ADD0524CBD}.Debug-dll-xp|1-x64.Build.0 = Debug-dll|x64
		{310F39BD-A2D6-44FF-8344-37ADD0524CBD}.Debug-dll-xp|2-Win32.ActiveCfg = Debug-dll|Win32
		{310F39BD-A2D6-44FF-8344-37ADD0524CBD}.Debug-dll-xp|2-Win32.Build.0 = Debug-dll|Win32
		{310F39BD-A2D6-44FF-8344-37ADD0524CBD}.Debug-dll-xp|3-ARM64.ActiveCfg = Release-static|ARM
		{310F39BD-A2D6-44FF-8344-37ADD0524CBD}.Debug-dll-xp|3-ARM64.Build.0 = Release-static|ARM
		{310F39BD-A2D6-44FF-8344-37ADD0524CBD}.Debug-dll-xp|4-ARM.ActiveCfg = Release-static|ARM
		{310F39BD-A2D6-44FF-8344-37ADD0524CBD}.Debug-dll-xp|4-ARM.Build.0 = Release-static|ARM
		{310F39BD-A2D6-44FF-8344-37ADD0524CBD}.Debug-static|1-x64.ActiveCfg = Debug-static|x64
		{310F39BD-A2D6-44FF-8344-37ADD0524CBD}.Debug-static|1-x64.Build.0 = Debug-static|x64
		{310F39BD-A2D6-44FF-8344-37ADD0524CBD}.Debug-static|2-Win32.ActiveCfg = Debug-static|Win32
		{310F39BD-A2D6-44FF-8344-37ADD0524CBD}.Debug-static|2-Win32.Build.0 = Debug-static|Win32
		{310F39BD-A2D6-44FF-8344-37ADD0524CBD}.Debug-static|3-ARM64.ActiveCfg = Debug-static|ARM64
		{310F39BD-A2D6-44FF-8344-37ADD0524CBD}.Debug-static|3-ARM64.Build.0 = Debug-static|ARM64
		{310F39BD-A2D6-44FF-8344-37ADD0524CBD}.Debug-static|4-ARM.ActiveCfg = Debug-static|ARM
		{310F39BD-A2D6-44FF-8344-37ADD0524CBD}.Debug-static|4-ARM.Build.0 = Debug-static|ARM
		{310F39BD-A2D6-44FF-8344-37ADD0524CBD}.Debug-static-xp|1-x64.ActiveCfg = Debug-static|x64
		{310F39BD-A2D6-44FF-8344-37ADD0524CBD}.Debug-static-xp|1-x64.Build.0 = Debug-static|x64
		{310F39BD-A2D6-44FF-8344-37ADD0524CBD}.Debug-static-xp|2-Win32.ActiveCfg = Debug-static|Win32
		{310F39BD-A2D6-44FF-8344-37ADD0524CBD}.Debug-static-xp|2-Win32.Build.0 = Debug-static|Win32
		{310F39BD-A2D6-44FF-8344-37ADD0524CBD}.Debug-static-xp|3-ARM64.ActiveCfg = Release-static|ARM
		{310F39BD-A2D6-44FF-8344-37ADD0524CBD}.Debug-static-xp|3-ARM64.Build.0 = Release-static|ARM
		{310F39BD-A2D6-44FF-8344-37ADD0524CBD}.Debug-static-xp|4-ARM.ActiveCfg = Release-static|ARM
		{310F39BD-A2D6-44FF-8344-37ADD0524CBD}.Debug-static-xp|4-ARM.Build.0 = Release-static|ARM
		{310F39BD-A2D6-44FF-8344-37ADD0524CBD}.Release-dll|1-x64.ActiveCfg = Release-dll|x64
		{310F39BD-A2D6-44FF-8344-37ADD0524CBD}.Release-dll|1-x64.Build.0 = Release-dll|x64
		{310F39BD-A2D6-44FF-8344-37ADD0524CBD}.Release-dll|2-Win32.ActiveCfg = Release-dll|Win32
		{310F39BD-A2D6-44FF-8344-37ADD0524CBD}.Release-dll|2-Win32.Build.0 = Release-dll|Win32
		{310F39BD-A2D6-44FF-8344-37ADD0524CBD}.Release-dll|3-ARM64.ActiveCfg = Release-dll|ARM64
		{310F39BD-A2D6-44FF-8344-37ADD0524CBD}.Release-dll|3-ARM64.Build.0 = Release-dll|ARM64
		{310F39BD-A2D6-44FF-8344-37ADD0524CBD}.Release-dll|4-ARM.ActiveCfg = Release-dll|ARM
		{310F39BD-A2D6-44FF-8344-37ADD0524CBD}.Release-dll|4-ARM.Build.0 = Release-dll|ARM
		{310F39BD-A2D6-44FF-8344-37ADD0524CBD}.Release-dll-xp|1-x64.ActiveCfg = Release-dll|x64
		{310F39BD-A2D6-44FF-8344-37ADD0524CBD}.Release-dll-xp|1-x64.Build.0 = Release-dll|x64
		{310F39BD-A2D6-44FF-8344-37ADD0524CBD}.Release-dll-xp|2-Win32.ActiveCfg = Release-dll|Win32
		{310F39BD-A2D6-44FF-8344-37ADD0524CBD}.Release-dll-xp|2-Win32.Build.0 = Release-dll|Win32
		{310F39BD-A2D6-44FF-8344-37ADD0524CBD}.Release-dll-xp|3-ARM64.ActiveCfg = Release-static|ARM
		{310F39BD-A2D6-44FF-8344-37ADD0524CBD}.Release-dll-xp|3-ARM64.Build.0 = Release-static|ARM
		{310F39BD-A2D6-44FF-8344-37ADD0524CBD}.Release-dll-xp|4-ARM.ActiveCfg = Release-static|ARM
		{310F39BD-A2D6-44FF-8344-37ADD0524CBD}.Release-dll-xp|4-ARM.Build.0 = Release-static|ARM
		{310F39BD-A2D6-44FF-8344-37ADD0524CBD}.Release-static|1-x64.ActiveCfg = Release-static|x64
		{310F39BD-A2D6-44FF-8344-37ADD0524CBD}.Release-static|1-x64.Build.0 = Release-static|x64
		{310F39BD-A2D6-44FF-8344-37ADD0524CBD}.Release-static|2-Win32.ActiveCfg = Release-static|Win32
		{310F39BD-A2D6-44FF-8344-37ADD0524CBD}.Release-static|2-Win32.Build.0 = Release-static|Win32
		{310F39BD-A2D6-44FF-8344-37ADD0524CBD}.Release-static|3-ARM64.ActiveCfg = Release-static|ARM64
		{310F39BD-A2D6-44FF-8344-37ADD0524CBD}.Release-static|3-ARM64.Build.0 = Release-static|ARM64
		{310F39BD-A2D6-44FF-8344-37ADD0524CBD}.Release-static|4-ARM.ActiveCfg = Release-static|ARM
		{310F39BD-A2D6-44FF-8344-37ADD0524CBD}.Release-static|4-ARM.Build.0 = Release-static|ARM
		{310F39BD-A2D6-44FF-8344-37ADD0524CBD}.Release-static-xp|1-x64.ActiveCfg = Release-static|x64
		{310F39BD-A2D6-44FF-8344-37ADD0524CBD}.Release-static-xp|1-x64.Build.0 = Release-static|x64
		{310F39BD-A2D6-44FF-8344-37ADD0524CBD}.Release-static-xp|2-Win32.ActiveCfg = Release-static|Win32
		{310F39BD-A2D6-44FF-8344-37ADD0524CBD}.Release-static-xp|2-Win32.Build.0 = Release-static|Win32
		{310F39BD-A2D6-44FF-8344-37ADD0524CBD}.Release-static-xp|3-ARM64.ActiveCfg = Release-static|ARM
		{310F39BD-A2D6-44FF-8344-37ADD0524CBD}.Release-static-xp|3-ARM64.Build.0 = Release-static|ARM
		{310F39BD-A2D6-44FF-8344-37ADD0524CBD}.Release-static-xp|4-ARM.ActiveCfg = Release-static|ARM
		{310F39BD-A2D6-44FF-8344-37ADD0524CBD}.Release-static-xp|4-ARM.Build.0 = Release-static|ARM
		{9CFB0342-A9E7-483E-BEE5-A1DE22584C5A}.Debug-dll|1-x64.ActiveCfg = Debug-dll|x64
		{9CFB0342-A9E7-483E-BEE5-A1DE22584C5A}.Debug-dll|1-x64.Build.0 = Debug-dll|x64
		{9CFB0342-A9E7-483E-BEE5-A1DE22584C5A}.Debug-dll|2-Win32.ActiveCfg = Debug-dll|Win32
		{9CFB0342-A9E7-483E-BEE5-A1DE22584C5A}.Debug-dll|2-Win32.Build.0 = Debug-dll|Win32
		{9CFB0342-A9E7-483E-BEE5-A1DE22584C5A}.Debug-dll|3-ARM64.ActiveCfg = Debug-dll|ARM64
		{9CFB0342-A9E7-483E-BEE5-A1DE22584C5A}.Debug-dll|3-ARM64.Build.0 = Debug-dll|ARM64
		{9CFB0342-A9E7-483E-BEE5-A1DE22584C5A}.Debug-dll|4-ARM.ActiveCfg = Debug-dll|ARM
		{9CFB0342-A9E7-483E-BEE5-A1DE22584C5A}.Debug-dll|4-ARM.Build.0 = Debug-dll|ARM
		{9CFB0342-A9E7-483E-BEE5-A1DE22584C5A}.Debug-dll-xp|1-x64.ActiveCfg = Debug-dll-xp|x64
		{9CFB0342-A9E7-483E-BEE5-A1DE22584C5A}.Debug-dll-xp|1-x64.Build.0 = Debug-dll-xp|x64
		{9CFB0342-A9E7-483E-BEE5-A1DE22584C5A}.Debug-dll-xp|2-Win32.ActiveCfg = Debug-dll-xp|Win32
		{9CFB0342-A9E7-483E-BEE5-A1DE22584C5A}.Debug-dll-xp|2-Win32.Build.0 = Debug-dll-xp|Win32
		{9CFB0342-A9E7-483E-BEE5-A1DE22584C5A}.Debug-dll-xp|3-ARM64.ActiveCfg = Debug-dll-xp|Win32
		{9CFB0342-A9E7-483E-BEE5-A1DE22584C5A}.Debug-dll-xp|4-ARM.ActiveCfg = Debug-dll-xp|Win32
		{9CFB0342-A9E7-483E-BEE5-A1DE22584C5A}.Debug-static|1-x64.ActiveCfg = Debug-static|x64
		{9CFB0342-A9E7-483E-BEE5-A1DE22584C5A}.Debug-static|1-x64.Build.0 = Debug-static|x64
		{9CFB0342-A9E7-483E-BEE5-A1DE22584C5A}.Debug-static|2-Win32.ActiveCfg = Debug-static|Win32
		{9CFB0342-A9E7-483E-BEE5-A1DE22584C5A}.Debug-static|2-Win32.Build.0 = Debug-static|Win32
		{9CFB0342-A9E7-483E-BEE5-A1DE22584C5A}.Debug-static|3-ARM64.ActiveCfg = Debug-static|ARM64
		{9CFB0342-A9E7-483E-BEE5-A1DE22584C5A}.Debug-static|3-ARM64.Build.0 = Debug-static|ARM64
		{9CFB0342-A9E7-483E-BEE5-A1DE22584C5A}.Debug-static|4-ARM.ActiveCfg = Debug-static|ARM
		{9CFB0342-A9E7-483E-BEE5-A1DE22584C5A}.Debug-static|4-ARM.Build.0 = Debug-static|ARM
		{9CFB0342-A9E7-483E-BEE5-A1DE22584C5A}.Debug-static-xp|1-x64.ActiveCfg = Debug-static-xp|x64
		{9CFB0342-A9E7-483E-BEE5-A1DE22584C5A}.Debug-static-xp|1-x64.Build.0 = Debug-static-xp|x64
		{9CFB0342-A9E7-483E-BEE5-A1DE22584C5A}.Debug-static-xp|2-Win32.ActiveCfg = Debug-static-xp|Win32
		{9CFB0342-A9E7-483E-BEE5-A1DE22584C5A}.Debug-static-xp|2-Win32.Build.0 = Debug-static-xp|Win32
		{9CFB0342-A9E7-483E-BEE5-A1DE22584C5A}.Debug-static-xp|3-ARM64.ActiveCfg = Debug-static-xp|Win32
		{9CFB0342-A9E7-483E-BEE5-A1DE22584C5A}.Debug-static-xp|4-ARM.ActiveCfg = Debug-static-xp|Win32
		{9CFB0342-A9E7-483E-BEE5-A1DE22584C5A}.Release-dll|1-x64.ActiveCfg = Release-dll|x64
		{9CFB0342-A9E7-483E-BEE5-A1DE22584C5A}.Release-dll|1-x64.Build.0 = Release-dll|x64
		{9CFB0342-A9E7-483E-BEE5-A1DE22584C5A}.Release-dll|2-Win32.ActiveCfg = Release-dll|Win32
		{9CFB0342-A9E7-483E-BEE5-A1DE22584C5A}.Release-dll|2-Win32.Build.0 = Release-dll|Win32
		{9CFB0342-A9E7-483E-BEE5-A1DE22584C5A}.Release-dll|3-ARM64.ActiveCfg = Release-dll|ARM64
		{9CFB0342-A9E7-483E-BEE5-A1DE22584C5A}.Release-dll|3-ARM64.Build.0 = Release-dll|ARM64
		{9CFB0342-A9E7-483E-BEE5-A1DE22584C5A}.Release-dll|4-ARM.ActiveCfg = Release-dll|ARM
		{9CFB0342-A9E7-483E-BEE5-A1DE22584C5A}.Release-dll|4-ARM.Build.0 = Release-dll|ARM
		{9CFB0342-A9E7-483E-BEE5-A1DE22584C5A}.Release-dll-xp|1-x64.ActiveCfg = Release-dll-xp|x64
		{9CFB0342-A9E7-483E-BEE5-A1DE22584C5A}.Release-dll-xp|1-x64.Build.0 = Release-dll-xp|x64
		{9CFB0342-A9E7-483E-BEE5-A1DE22584C5A}.Release-dll-xp|2-Win32.ActiveCfg = Release-dll-xp|Win32
		{9CFB0342-A9E7-483E-BEE5-A1DE22584C5A}.Release-dll-xp|2-Win32.Build.0 = Release-dll-xp|Win32
		{9CFB0342-A9E7-483E-BEE5-A1DE22584C5A}.Release-dll-xp|3-ARM64.ActiveCfg = Release-dll-xp|Win32
		{9CFB0342-A9E7-483E-BEE5-A1DE22584C5A}.Release-dll-xp|4-ARM.ActiveCfg = Release-dll-xp|Win32
		{9CFB0342-A9E7-483E-BEE5-A1DE22584C5A}.Release-static|1-x64.ActiveCfg = Release-static|x64
		{9CFB0342-A9E7-483E-BEE5-A1DE22584C5A}.Release-static|1-x64.Build.0 = Release-static|x64
		{9CFB0342-A9E7-483E-BEE5-A1DE22584C5A}.Release-static|2-Win32.ActiveCfg = Release-static|Win32
		{9CFB0342-A9E7-483E-BEE5-A1DE22584C5A}.Release-static|2-Win32.Build.0 = Release-static|Win32
		{9CFB0342-A9E7-483E-BEE5-A1DE22584C5A}.Release-static|3-ARM64.ActiveCfg = Release-static|ARM64
		{9CFB0342-A9E7-483E-BEE5-A1DE22584C5A}.Release-static|3-ARM64.Build.0 = Release-static|ARM64
		{9CFB0342-A9E7-483E-BEE5-A1DE22584C5A}.Release-static|4-ARM.ActiveCfg = Release-static|ARM
		{9CFB0342-A9E7-483E-BEE5-A1DE22584C5A}.Release-static|4-ARM.Build.0 = Release-static|ARM
		{9CFB0342-A9E7-483E-BEE5-A1DE22584C5A}.Release-static-xp|1-x64.ActiveCfg = Release-static-xp|x64
		{9CFB0342-A9E7-483E-BEE5-A1DE22584C5A}.Release-static-xp|1-x64.Build.0 = Release-static-xp|x64
		{9CFB0342-A9E7-483E-BEE5-A1DE22584C5A}.Release-static-xp|2-Win32.ActiveCfg = Release-static-xp|Win32
		{9CFB0342-A9E7-483E-BEE5-A1DE22584C5A}.Release-static-xp|2-Win32.Build.0 = Release-static-xp|Win32
		{9CFB0342-A9E7-483E-BEE5-A1DE22584C5A}.Release-static-xp|3-ARM64.ActiveCfg = Release-static-xp|Win32
		{9CFB0342-A9E7-483E-BEE5-A1DE22584C5A}.Release-static-xp|4-ARM.ActiveCfg = Release-static-xp|Win32
		{294D5317-E983-4682-8DB5-678EA4645E11}.Debug-dll|1-x64.ActiveCfg = Debug-dll|x64
		{294D5317-E983-4682-8DB5-678EA4645E11}.Debug-dll|1-x64.Build.0 = Debug-dll|x64
		{294D5317-E983-4682-8DB5-678EA4645E11}.Debug-dll|2-Win32.ActiveCfg = Debug-dll|Win32
		{294D5317-E983-4682-8DB5-678EA4645E11}.Debug-dll|2-Win32.Build.0 = Debug-dll|Win32
		{294D5317-E983-4682-8DB5-678EA4645E11}.Debug-dll|3-ARM64.ActiveCfg = Debug-dll|ARM64
		{294D5317-E983-4682-8DB5-678EA4645E11}.Debug-dll|3-ARM64.Build.0 = Debug-dll|ARM64
		{294D5317-E983-4682-8DB5-678EA4645E11}.Debug-dll|4-ARM.ActiveCfg = Debug-dll|ARM
		{294D5317-E983-4682-8DB5-678EA4645E11}.Debug-dll|4-ARM.Build.0 = Debug-dll|ARM
		{294D5317-E983-4682-8DB5-678EA4645E11}.Debug-dll-xp|1-x64.ActiveCfg = Debug-dll|x64
		{294D5317-E983-4682-8DB5-678EA4645E11}.Debug-dll-xp|1-x64.Build.0 = Debug-dll|x64
		{294D5317-E983-4682-8DB5-678EA4645E11}.Debug-dll-xp|2-Win32.ActiveCfg = Debug-dll|Win32
		{294D5317-E983-4682-8DB5-678EA4645E11}.Debug-dll-xp|2-Win32.Build.0 = Debug-dll|Win32
		{294D5317-E983-4682-8DB5-678EA4645E11}.Debug-dll-xp|3-ARM64.ActiveCfg = Release-static|ARM
		{294D5317-E983-4682-8DB5-678EA4645E11}.Debug-dll-xp|3-ARM64.Build.0 = Release-static|ARM
		{294D5317-E983-4682-8DB5-678EA4645E11}.Debug-dll-xp|4-ARM.ActiveCfg = Release-static|ARM
		{294D5317-E983-4682-8DB5-678EA4645E11}.Debug-dll-xp|4-ARM.Build.0 = Release-static|ARM
		{294D5317-E983-4682-8DB5-678EA4645E11}.Debug-static|1-x64.ActiveCfg = Debug-static|x64
		{294D5317-E983-4682-8DB5-678EA4645E11}.Debug-static|1-x64.Build.0 = Debug-static|x64
		{294D5317-E983-4682-8DB5-678EA4645E11}.Debug-static|2-Win32.ActiveCfg = Debug-static|Win32
		{294D5317-E983-4682-8DB5-678EA4645E11}.Debug-static|2-Win32.Build.0 = Debug-static|Win32
		{294D5317-E983-4682-8DB5-678EA4645E11}.Debug-static|3-ARM64.ActiveCfg = Debug-static|ARM64
		{294D5317-E983-4682-8DB5-678EA4645E11}.Debug-static|3-ARM64.Build.0 = Debug-static|ARM64
		{294D5317-E983-4682-8DB5-678EA4645E11}.Debug-static|4-ARM.ActiveCfg = Debug-static|ARM
		{294D5317-E983-4682-8DB5-678EA4645E11}.Debug-static|4-ARM.Build.0 = Debug-static|ARM
		{294D5317-E983-4682-8DB5-678EA4645E11}.Debug-static-xp|1-x64.ActiveCfg = Debug-static|x64
		{294D5317-E983-4682-8DB5-678EA4645E11}.Debug-static-xp|1-x64.Build.0 = Debug-static|x64
		{294D5317-E983-4682-8DB5-678EA4645E11}.Debug-static-xp|2-Win32.ActiveCfg = Debug-static|Win32
		{294D5317-E983-4682-8DB5-678EA4645E11}.Debug-static-xp|2-Win32.Build.0 = Debug-static|Win32
		{294D5317-E983-4682-8DB5-678EA4645E11}.Debug-static-xp|3-ARM64.ActiveCfg = Release-static|ARM
		{294D5317-E983-4682-8DB5-678EA4645E11}.Debug-static-xp|3-ARM64.Build.0 = Release-static|ARM
		{294D5317-E983-4682-8DB5-678EA4645E11}.Debug-static-xp|4-ARM.ActiveCfg = Release-static|ARM
		{294D5317-E983-4682-8DB5-678EA4645E11}.Debug-static-xp|4-ARM.Build.0 = Release-static|ARM
		{294D5317-E983-4682-8DB5-678EA4645E11}.Release-dll|1-x64.ActiveCfg = Release-dll|x64
		{294D5317-E983-4682-8DB5-678EA4645E11}.Release-dll|1-x64.Build.0 = Release-dll|x64
		{294D5317-E983-4682-8DB5-678EA4645E11}.Release-dll|2-Win32.ActiveCfg = Release-dll|Win32
		{294D5317-E983-4682-8DB5-678EA4645E11}.Release-dll|2-Win32.Build.0 = Release-dll|Win32
		{294D5317-E983-4682-8DB5-678EA4645E11}.Release-dll|3-ARM64.ActiveCfg = Release-dll|ARM64
		{294D5317-E983-4682-8DB5-678EA4645E11}.Release-dll|3-ARM64.Build.0 = Release-dll|ARM64
		{294D5317-E983-4682-8DB5-678EA4645E11}.Release-dll|4-ARM.ActiveCfg = Release-dll|ARM
		{294D5317-E983-4682-8DB5-678EA4645E11}.Release-dll|4-ARM.Build.0 = Release-dll|ARM
		{294D5317-E983-4682-8DB5-678EA4645E11}.Release-dll-xp|1-x64.ActiveCfg = Release-dll|x64
		{294D5317-E983-4682-8DB5-678EA4645E11}.Release-dll-xp|1-x64.Build.0 = Release-dll|x64
		{294D5317-E983-4682-8DB5-678EA4645E11}.Release-dll-xp|2-Win32.ActiveCfg = Release-dll|Win32
		{294D5317-E983-4682-8DB5-678EA4645E11}.Release-dll-xp|2-Win32.Build.0 = Release-dll|Win32
		{294D5317-E983-4682-8DB5-678EA4645E11}.Release-dll-xp|3-ARM64.ActiveCfg = Release-static|ARM
		{294D5317-E983-4682-8DB5-678EA4645E11}.Release-dll-xp|3-ARM64.Build.0 = Release-static|ARM
		{294D5317-E983-4682-8DB5-678EA4645E11}.Release-dll-xp|4-ARM.ActiveCfg = Release-static|ARM
		{294D5317-E983-4682-8DB5-678EA4645E11}.Release-dll-xp|4-ARM.Build.0 = Release-static|ARM
		{294D5317-E983-4682-8DB5-678EA4645E11}.Release-static|1-x64.ActiveCfg = Release-static|x64
		{294D5317-E983-4682-8DB5-678EA4645E11}.Release-static|1-x64.Build.0 = Release-static|x64
		{294D5317-E983-4682-8DB5-678EA4645E11}.Release-static|2-Win32.ActiveCfg = Release-static|Win32
		{294D5317-E983-4682-8DB5-678EA4645E11}.Release-static|2-Win32.Build.0 = Release-static|Win32
		{294D5317-E983-4682-8DB5-678EA4645E11}.Release-static|3-ARM64.ActiveCfg = Release-static|ARM64
		{294D5317-E983-4682-8DB5-678EA4645E11}.Release-static|3-ARM64.Build.0 = Release-static|ARM64
		{294D5317-E983-4682-8DB5-678EA4645E11}.Release-static|4-ARM.ActiveCfg = Release-static|ARM
		{294D5317-E983-4682-8DB5-678EA4645E11}.Release-static|4-ARM.Build.0 = Release-static|ARM
		{294D5317-E983-4682-8DB5-678EA4645E11}.Release-static-xp|1-x64.ActiveCfg = Release-static|x64
		{294D5317-E983-4682-8DB5-678EA4645E11}.Release-static-xp|1-x64.Build.0 = Release-static|x64
		{294D5317-E983-4682-8DB5-678EA4645E11}.Release-static-xp|2-Win32.ActiveCfg = Release-static|Win32
		{294D5317-E983-4682-8DB5-678EA4645E11}.Release-static-xp|2-Win32.Build.0 = Release-static|Win32
		{294D5317-E983-4682-8DB5-678EA4645E11}.Release-static-xp|3-ARM64.ActiveCfg = Release-static|ARM
		{294D5317-E983-4682-8DB5-678EA4645E11}.Release-static-xp|3-ARM64.Build.0 = Release-static|ARM
		{294D5317-E983-4682-8DB5-678EA4645E11}.Release-static-xp|4-ARM.ActiveCfg = Release-static|ARM
		{294D5317-E983-4682-8DB5-678EA4645E11}.Release-static-xp|4-ARM.Build.0 = Release-static|ARM
		{77A27E6D-9A39-40B8-961B-40E63DB7FA65}.Debug-dll|1-x64.ActiveCfg = Debug-dll|x64
		{77A27E6D-9A39-40B8-961B-40E63DB7FA65}.Debug-dll|1-x64.Build.0 = Debug-dll|x64
		{77A27E6D-9A39-40B8-961B-40E63DB7FA65}.Debug-dll|2-Win32.ActiveCfg = Debug-dll|Win32
		{77A27E6D-9A39-40B8-961B-40E63DB7FA65}.Debug-dll|2-Win32.Build.0 = Debug-dll|Win32
		{77A27E6D-9A39-40B8-961B-40E63DB7FA65}.Debug-dll|3-ARM64.ActiveCfg = Debug-dll|ARM64
		{77A27E6D-9A39-40B8-961B-40E63DB7FA65}.Debug-dll|3-ARM64.Build.0 = Debug-dll|ARM64
		{77A27E6D-9A39-40B8-961B-40E63DB7FA65}.Debug-dll|4-ARM.ActiveCfg = Debug-dll|ARM
		{77A27E6D-9A39-40B8-961B-40E63DB7FA65}.Debug-dll|4-ARM.Build.0 = Debug-dll|ARM
		{77A27E6D-9A39-40B8-961B-40E63DB7FA65}.Debug-dll-xp|1-x64.ActiveCfg = Debug-dll|x64
		{77A27E6D-9A39-40B8-961B-40E63DB7FA65}.Debug-dll-xp|1-x64.Build.0 = Debug-dll|x64
		{77A27E6D-9A39-40B8-961B-40E63DB7FA65}.Debug-dll-xp|2-Win32.ActiveCfg = Debug-dll|Win32
		{77A27E6D-9A39-40B8-961B-40E63DB7FA65}.Debug-dll-xp|2-Win32.Build.0 = Debug-dll|Win32
		{77A27E6D-9A39-40B8-961B-40E63DB7FA65}.Debug-dll-xp|3-ARM64.ActiveCfg = Release-static|ARM
		{77A27E6D-9A39-40B8-961B-40E63DB7FA65}.Debug-dll-xp|3-ARM64.Build.0 = Release-static|ARM
		{77A27E6D-9A39-40B8-961B-40E63DB7FA65}.Debug-dll-xp|4-ARM.ActiveCfg = Release-static|ARM
		{77A27E6D-9A39-40B8-961B-40E63DB7FA65}.Debug-dll-xp|4-ARM.Build.0 = Release-static|ARM
		{77A27E6D-9A39-40B8-961B-40E63DB7FA65}.Debug-static|1-x64.ActiveCfg = Debug-static|x64
		{77A27E6D-9A39-40B8-961B-40E63DB7FA65}.Debug-static|1-x64.Build.0 = Debug-static|x64
		{77A27E6D-9A39-40B8-961B-40E63DB7FA65}.Debug-static|2-Win32.ActiveCfg = Debug-static|Win32
		{77A27E6D-9A39-40B8-961B-40E63DB7FA65}.Debug-static|2-Win32.Build.0 = Debug-static|Win32
		{77A27E6D-9A39-40B8-961B-40E63DB7FA65}.Debug-static|3-ARM64.ActiveCfg = Debug-static|ARM64
		{77A27E6D-9A39-40B8-961B-40E63DB7FA65}.Debug-static|3-ARM64.Build.0 = Debug-static|ARM64
		{77A27E6D-9A39-40B8-961B-40E63DB7FA65}.Debug-static|4-ARM.ActiveCfg = Debug-static|ARM
		{77A27E6D-9A39-40B8-961B-40E63DB7FA65}.Debug-static|4-ARM.Build.0 = Debug-static|ARM
		{77A27E6D-9A39-40B8-961B-40E63DB7FA65}.Debug-static-xp|1-x64.ActiveCfg = Debug-static|x64
		{77A27E6D-9A39-40B8-961B-40E63DB7FA65}.Debug-static-xp|1-x64.Build.0 = Debug-static|x64
		{77A27E6D-9A39-40B8-961B-40E63DB7FA65}.Debug-static-xp|2-Win32.ActiveCfg = Debug-static|Win32
		{77A27E6D-9A39-40B8-961B-40E63DB7FA65}.Debug-static-xp|2-Win32.Build.0 = Debug-static|Win32
		{77A27E6D-9A39-40B8-961B-40E63DB7FA65}.Debug-static-xp|3-ARM64.ActiveCfg = Release-static|ARM
		{77A27E6D-9A39-40B8-961B-40E63DB7FA65}.Debug-static-xp|3-ARM64.Build.0 = Release-static|ARM
		{77A27E6D-9A39-40B8-961B-40E63DB7FA65}.Debug-static-xp|4-ARM.ActiveCfg = Release-static|ARM
		{77A27E6D-9A39-40B8-961B-40E63DB7FA65}.Debug-static-xp|4-ARM.Build.0 = Release-static|ARM
		{77A27E6D-9A39-40B8-961B-40E63DB7FA65}.Release-dll|1-x64.ActiveCfg = Release-dll|x64
		{77A27E6D-9A39-40B8-961B-40E63DB7FA65}.Release-dll|1-x64.Build.0 = Release-dll|x64
		{77A27E6D-9A39-40B8-961B-40E63DB7FA65}.Release-dll|2-Win32.ActiveCfg = Release-dll|Win32
		{77A27E6D-9A39-40B8-961B-40E63DB7FA65}.Release-dll|2-Win32.Build.0 = Release-dll|Win32
		{77A27E6D-9A39-40B8-961B-40E63DB7FA65}.Release-dll|3-ARM64.ActiveCfg = Release-dll|ARM64
		{77A27E6D-9A39-40B8-961B-40E63DB7FA65}.Release-dll|3-ARM64.Build.0 = Release-dll|ARM64
		{77A27E6D-9A39-40B8-961B-40E63DB7FA65}.Release-dll|4-ARM.ActiveCfg = Release-dll|ARM
		{77A27E6D-9A39-40B8-961B-40E63DB7FA65}.Release-dll|4-ARM.Build.0 = Release-dll|ARM
		{77A27E6D-9A39-40B8-961B-40E63DB7FA65}.Release-dll-xp|1-x64.ActiveCfg = Release-dll|x64
		{77A27E6D-9A39-40B8-961B-40E63DB7FA65}.Release-dll-xp|1-x64.Build.0 = Release-dll|x64
		{77A27E6D-9A39-40B8-961B-40E63DB7FA65}.Release-dll-xp|2-Win32.ActiveCfg = Release-dll|Win32
		{77A27E6D-9A39-40B8-961B-40E63DB7FA65}.Release-dll-xp|2-Win32.Build.0 = Release-dll|Win32
		{77A27E6D-9A39-40B8-961B-40E63DB7FA65}.Release-dll-xp|3-ARM64.ActiveCfg = Release-static|ARM
		{77A27E6D-9A39-40B8-961B-40E63DB7FA65}.Release-dll-xp|3-ARM64.Build.0 = Release-static|ARM
		{77A27E6D-9A39-40B8-961B-40E63DB7FA65}.Release-dll-xp|4-ARM.ActiveCfg = Release-static|ARM
		{77A27E6D-9A39-40B8-961B-40E63DB7FA65}.Release-dll-xp|4-ARM.Build.0 = Release-static|ARM
		{77A27E6D-9A39-40B8-961B-40E63DB7FA65}.Release-static|1-x64.ActiveCfg = Release-static|x64
		{77A27E6D-9A39-40B8-961B-40E63DB7FA65}.Release-static|1-x64.Build.0 = Release-static|x64
		{77A27E6D-9A39-40B8-961B-40E63DB7FA65}.Release-static|2-Win32.ActiveCfg = Release-static|Win32
		{77A27E6D-9A39-40B8-961B-40E63DB7FA65}.Release-static|2-Win32.Build.0 = Release-static|Win32
		{77A27E6D-9A39-40B8-961B-40E63DB7FA65}.Release-static|3-ARM64.ActiveCfg = Release-static|ARM64
		{77A27E6D-9A39-40B8-961B-40E63DB7FA65}.Release-static|3-ARM64.Build.0 = Release-static|ARM64
		{77A27E6D-9A39-40B8-961B-40E63DB7FA65}.Release-static|4-ARM.ActiveCfg = Release-static|ARM
		{77A27E6D-9A39-40B8-961B-40E63DB7FA65}.Release-static|4-ARM.Build.0 = Release-static|ARM
		{77A27E6D-9A39-40B8-961B-40E63DB7FA65}.Release-static-xp|1-x64.ActiveCfg = Release-static|x64
		{77A27E6D-9A39-40B8-961B-40E63DB7FA65}.Release-static-xp|1-x64.Build.0 = Release-static|x64
		{77A27E6D-9A39-40B8-961B-40E63DB7FA65}.Release-static-xp|2-Win32.ActiveCfg = Release-static|Win32
		{77A27E6D-9A39-40B8-961B-40E63DB7FA65}.Release-static-xp|2-Win32.Build.0 = Release-static|Win32
		{77A27E6D-9A39-40B8-961B-40E63DB7FA65}.Release-static-xp|3-ARM64.ActiveCfg = Release-static|ARM
		{77A27E6D-9A39-40B8-961B-40E63DB7FA65}.Release-static-xp|3-ARM64.Build.0 = Release-static|ARM
		{77A27E6D-9A39-40B8-961B-40E63DB7FA65}.Release-static-xp|4-ARM.ActiveCfg = Release-static|ARM
		{77A27E6D-9A39-40B8-961B-40E63DB7FA65}.Release-static-xp|4-ARM.Build.0 = Release-static|ARM
	EndGlobalSection
	GlobalSection(SolutionProperties) = preSolution
		HideSolutionNode = FALSE
	EndGlobalSection
EndGlobal
